{
  "name": "typed-machine-cli-example",
  "version": "0.1.0",
  "lockfileVersion": 1,
  "requires": true,
  "dependencies": {
    "arg": {
      "version": "4.1.0",
      "resolved": "https://artifactory.hootops.com:443/artifactory/api/npm/hootsuite-npm/arg/-/arg-4.1.0.tgz",
      "integrity": "sha1-WDxRgZlBngA3q7dAYsN/hRnldfA=",
      "dev": true
    },
    "buffer-from": {
      "version": "1.1.1",
      "resolved": "https://artifactory.hootops.com:443/artifactory/api/npm/hootsuite-npm/buffer-from/-/buffer-from-1.1.1.tgz",
      "integrity": "sha1-MnE7wCj3XAL9txDXx7zsHyxgcO8=",
      "dev": true
    },
    "colorette": {
      "version": "1.0.7",
      "resolved": "https://artifactory.hootops.com:443/artifactory/api/npm/hootsuite-npm/colorette/-/colorette-1.0.7.tgz",
      "integrity": "sha1-et9DxEXuY6VBtKSu99E/A98eDMA="
    },
    "diff": {
      "version": "3.5.0",
      "resolved": "https://artifactory.hootops.com:443/artifactory/api/npm/hootsuite-npm/diff/-/diff-3.5.0.tgz",
      "integrity": "sha1-gAwN0eCov7yVg1wgKtIg/jF+WhI=",
      "dev": true
    },
    "make-error": {
      "version": "1.3.5",
      "resolved": "https://artifactory.hootops.com:443/artifactory/api/npm/hootsuite-npm/make-error/-/make-error-1.3.5.tgz",
      "integrity": "sha1-7+ToH22yjK3WBccPKcgxtY73dsg=",
      "dev": true
    },
    "source-map": {
      "version": "0.6.1",
      "resolved": "https://artifactory.hootops.com:443/artifactory/api/npm/hootsuite-npm/source-map/-/source-map-0.6.1.tgz",
      "integrity": "sha1-dHIq8y6WFOnCh6jQu95IteLxomM=",
      "dev": true
    },
    "source-map-support": {
      "version": "0.5.10",
      "resolved": "https://artifactory.hootops.com:443/artifactory/api/npm/hootsuite-npm/source-map-support/-/source-map-support-0.5.10.tgz",
      "integrity": "sha1-IhQIC8nVGDJRHuK6uW48L5NTEgw=",
      "dev": true,
      "requires": {
        "buffer-from": "1.1.1",
        "source-map": "0.6.1"
      }
    },
    "ts-node": {
      "version": "8.0.2",
      "resolved": "https://artifactory.hootops.com:443/artifactory/api/npm/hootsuite-npm/ts-node/-/ts-node-8.0.2.tgz",
      "integrity": "sha1-ns3414KgykyA0dZBy7I2r0rBt1Y=",
      "dev": true,
      "requires": {
        "arg": "4.1.0",
        "diff": "3.5.0",
        "make-error": "1.3.5",
        "source-map-support": "0.5.10",
        "yn": "3.0.0"
      }
    },
    "yn": {
      "version": "3.0.0",
      "resolved": "https://artifactory.hootops.com:443/artifactory/api/npm/hootsuite-npm/yn/-/yn-3.0.0.tgz",
      "integrity": "sha1-AHPGtW6SrtZS+9/WJDHy1rmnoJE=",
      "dev": true
    }
  }
}
